
Microsoft Visual Studio Solution File, Format Version 12.00
# Visual Studio Version 17
VisualStudioVersion = 17.2.32616.157
MinimumVisualStudioVersion = 10.0.40219.1
Project("{9A19103F-16F7-4668-BE54-9A1E7A4F7556}") = "Azure.MgmtSdk.Analyzers", "Azure.MgmtSdk.Analyzers\Azure.MgmtSdk.Analyzers.csproj", "{2201B8FF-A796-4D5A-B6E5-312A0988BE50}"
EndProject
Project("{9A19103F-16F7-4668-BE54-9A1E7A4F7556}") = "Azure.MgmtSdk.Analyzers.CodeFixes", "Azure.MgmtSdk.Analyzers.CodeFixes\Azure.MgmtSdk.Analyzers.CodeFixes.csproj", "{FBBC44E4-FD4D-47A6-AF45-71B8A5F6F23D}"
EndProject
Project("{9A19103F-16F7-4668-BE54-9A1E7A4F7556}") = "Azure.MgmtSdk.Analyzers.Package", "Azure.MgmtSdk.Analyzers.Package\Azure.MgmtSdk.Analyzers.Package.csproj", "{A12F203A-53F8-40D3-BF04-075F378F34B0}"
EndProject
Project("{9A19103F-16F7-4668-BE54-9A1E7A4F7556}") = "Azure.MgmtSdk.Analyzers.Test", "Azure.MgmtSdk.Analyzers.Test\Azure.MgmtSdk.Analyzers.Test.csproj", "{00EE74F5-DE67-44BC-9266-EC33E556614A}"
EndProject
Project("{9A19103F-16F7-4668-BE54-9A1E7A4F7556}") = "Azure.MgmtSdk.Analyzers.Vsix", "Azure.MgmtSdk.Analyzers.Vsix\Azure.MgmtSdk.Analyzers.Vsix.csproj", "{64CF20D7-2FB7-45DA-BC76-2137378FC53E}"
EndProject
Global
	GlobalSection(SolutionConfigurationPlatforms) = preSolution
		Debug|Any CPU = Debug|Any CPU
		Release|Any CPU = Release|Any CPU
	EndGlobalSection
	GlobalSection(ProjectConfigurationPlatforms) = postSolution
		{2201B8FF-A796-4D5A-B6E5-312A0988BE50}.Debug|Any CPU.ActiveCfg = Debug|Any CPU
		{2201B8FF-A796-4D5A-B6E5-312A0988BE50}.Debug|Any CPU.Build.0 = Debug|Any CPU
		{2201B8FF-A796-4D5A-B6E5-312A0988BE50}.Release|Any CPU.ActiveCfg = Release|Any CPU
		{2201B8FF-A796-4D5A-B6E5-312A0988BE50}.Release|Any CPU.Build.0 = Release|Any CPU
		{FBBC44E4-FD4D-47A6-AF45-71B8A5F6F23D}.Debug|Any CPU.ActiveCfg = Debug|Any CPU
		{FBBC44E4-FD4D-47A6-AF45-71B8A5F6F23D}.Debug|Any CPU.Build.0 = Debug|Any CPU
		{FBBC44E4-FD4D-47A6-AF45-71B8A5F6F23D}.Release|Any CPU.ActiveCfg = Release|Any CPU
		{FBBC44E4-FD4D-47A6-AF45-71B8A5F6F23D}.Release|Any CPU.Build.0 = Release|Any CPU
		{A12F203A-53F8-40D3-BF04-075F378F34B0}.Debug|Any CPU.ActiveCfg = Debug|Any CPU
		{A12F203A-53F8-40D3-BF04-075F378F34B0}.Debug|Any CPU.Build.0 = Debug|Any CPU
		{A12F203A-53F8-40D3-BF04-075F378F34B0}.Release|Any CPU.ActiveCfg = Release|Any CPU
		{A12F203A-53F8-40D3-BF04-075F378F34B0}.Release|Any CPU.Build.0 = Release|Any CPU
		{00EE74F5-DE67-44BC-9266-EC33E556614A}.Debug|Any CPU.ActiveCfg = Debug|Any CPU
		{00EE74F5-DE67-44BC-9266-EC33E556614A}.Debug|Any CPU.Build.0 = Debug|Any CPU
		{00EE74F5-DE67-44BC-9266-EC33E556614A}.Release|Any CPU.ActiveCfg = Release|Any CPU
		{00EE74F5-DE67-44BC-9266-EC33E556614A}.Release|Any CPU.Build.0 = Release|Any CPU
		{64CF20D7-2FB7-45DA-BC76-2137378FC53E}.Debug|Any CPU.ActiveCfg = Debug|Any CPU
		{64CF20D7-2FB7-45DA-BC76-2137378FC53E}.Debug|Any CPU.Build.0 = Debug|Any CPU
		{64CF20D7-2FB7-45DA-BC76-2137378FC53E}.Release|Any CPU.ActiveCfg = Release|Any CPU
		{64CF20D7-2FB7-45DA-BC76-2137378FC53E}.Release|Any CPU.Build.0 = Release|Any CPU
	EndGlobalSection
	GlobalSection(SolutionProperties) = preSolution
		HideSolutionNode = FALSE
	EndGlobalSection
	GlobalSection(ExtensibilityGlobals) = postSolution
		SolutionGuid = {DFAD0CB6-D179-4DEF-930A-B4CB5B8E2274}
	EndGlobalSection
EndGlobal
